
Microsoft Visual Studio Solution File, Format Version 12.00
# Visual Studio Version 17
VisualStudioVersion = 17.8.34309.116
MinimumVisualStudioVersion = 15.0.26124.0
Project("{9A19103F-16F7-4668-BE54-9A1E7A4F7556}") = "API", "API\API.csproj", "{DE2F7537-4A65-4A61-AB22-AF3B8C523A58}"
EndProject
Project("{9A19103F-16F7-4668-BE54-9A1E7A4F7556}") = "Data", "Data\Data.csproj", "{C7694B31-4779-4AC4-AA66-C5A9BA2D2731}"
EndProject
Project("{9A19103F-16F7-4668-BE54-9A1E7A4F7556}") = "DbMigrator", "DbMigrator\DbMigrator.csproj", "{EA31F863-5B90-4E29-B412-B0FF88EBDC84}"
EndProject
Project("{9A19103F-16F7-4668-BE54-9A1E7A4F7556}") = "Tests", "Tests\Tests.csproj", "{0E432106-E695-44E2-9180-448470A878F3}"
EndProject
Project("{9A19103F-16F7-4668-BE54-9A1E7A4F7556}") = "UserAPI", "UserService\UserAPI.csproj", "{6E9AF525-BE3C-49C7-BD47-BF04A0971F49}"
EndProject
Project("{FAE04EC0-301F-11D3-BF4B-00C04F79EFBC}") = "JwtAuthenticationManager", "JwtAuthenticationManager\JwtAuthenticationManager.csproj", "{6D56A91F-2277-40B2-8A01-07BDD66A4C18}"
EndProject
Project("{FAE04EC0-301F-11D3-BF4B-00C04F79EFBC}") = "AuthenticationAPI", "AuthenticationAPI\AuthenticationAPI.csproj", "{FF0D7E2C-67DC-4FC0-AAC4-893B80E378FC}"
EndProject
Project("{2150E333-8FDC-42A3-9474-1A3956D46DE8}") = "Solution Items", "Solution Items", "{D6C833BB-4B25-453B-B518-E58C69035CB5}"
EndProject
Global
	GlobalSection(SolutionConfigurationPlatforms) = preSolution
		Debug|Any CPU = Debug|Any CPU
		Debug|x64 = Debug|x64
		Debug|x86 = Debug|x86
		Release|Any CPU = Release|Any CPU
		Release|x64 = Release|x64
		Release|x86 = Release|x86
	EndGlobalSection
	GlobalSection(ProjectConfigurationPlatforms) = postSolution
		{DE2F7537-4A65-4A61-AB22-AF3B8C523A58}.Debug|Any CPU.ActiveCfg = Debug|Any CPU
		{DE2F7537-4A65-4A61-AB22-AF3B8C523A58}.Debug|Any CPU.Build.0 = Debug|Any CPU
		{DE2F7537-4A65-4A61-AB22-AF3B8C523A58}.Debug|x64.ActiveCfg = Debug|Any CPU
		{DE2F7537-4A65-4A61-AB22-AF3B8C523A58}.Debug|x64.Build.0 = Debug|Any CPU
		{DE2F7537-4A65-4A61-AB22-AF3B8C523A58}.Debug|x86.ActiveCfg = Debug|Any CPU
		{DE2F7537-4A65-4A61-AB22-AF3B8C523A58}.Debug|x86.Build.0 = Debug|Any CPU
		{DE2F7537-4A65-4A61-AB22-AF3B8C523A58}.Release|Any CPU.ActiveCfg = Release|Any CPU
		{DE2F7537-4A65-4A61-AB22-AF3B8C523A58}.Release|Any CPU.Build.0 = Release|Any CPU
		{DE2F7537-4A65-4A61-AB22-AF3B8C523A58}.Release|x64.ActiveCfg = Release|Any CPU
		{DE2F7537-4A65-4A61-AB22-AF3B8C523A58}.Release|x64.Build.0 = Release|Any CPU
		{DE2F7537-4A65-4A61-AB22-AF3B8C523A58}.Release|x86.ActiveCfg = Release|Any CPU
		{DE2F7537-4A65-4A61-AB22-AF3B8C523A58}.Release|x86.Build.0 = Release|Any CPU
		{C7694B31-4779-4AC4-AA66-C5A9BA2D2731}.Debug|Any CPU.ActiveCfg = Debug|Any CPU
		{C7694B31-4779-4AC4-AA66-C5A9BA2D2731}.Debug|Any CPU.Build.0 = Debug|Any CPU
		{C7694B31-4779-4AC4-AA66-C5A9BA2D2731}.Debug|x64.ActiveCfg = Debug|Any CPU
		{C7694B31-4779-4AC4-AA66-C5A9BA2D2731}.Debug|x64.Build.0 = Debug|Any CPU
		{C7694B31-4779-4AC4-AA66-C5A9BA2D2731}.Debug|x86.ActiveCfg = Debug|Any CPU
		{C7694B31-4779-4AC4-AA66-C5A9BA2D2731}.Debug|x86.Build.0 = Debug|Any CPU
		{C7694B31-4779-4AC4-AA66-C5A9BA2D2731}.Release|Any CPU.ActiveCfg = Release|Any CPU
		{C7694B31-4779-4AC4-AA66-C5A9BA2D2731}.Release|Any CPU.Build.0 = Release|Any CPU
		{C7694B31-4779-4AC4-AA66-C5A9BA2D2731}.Release|x64.ActiveCfg = Release|Any CPU
		{C7694B31-4779-4AC4-AA66-C5A9BA2D2731}.Release|x64.Build.0 = Release|Any CPU
		{C7694B31-4779-4AC4-AA66-C5A9BA2D2731}.Release|x86.ActiveCfg = Release|Any CPU
		{C7694B31-4779-4AC4-AA66-C5A9BA2D2731}.Release|x86.Build.0 = Release|Any CPU
		{EA31F863-5B90-4E29-B412-B0FF88EBDC84}.Debug|Any CPU.ActiveCfg = Debug|Any CPU
		{EA31F863-5B90-4E29-B412-B0FF88EBDC84}.Debug|Any CPU.Build.0 = Debug|Any CPU
		{EA31F863-5B90-4E29-B412-B0FF88EBDC84}.Debug|x64.ActiveCfg = Debug|Any CPU
		{EA31F863-5B90-4E29-B412-B0FF88EBDC84}.Debug|x64.Build.0 = Debug|Any CPU
		{EA31F863-5B90-4E29-B412-B0FF88EBDC84}.Debug|x86.ActiveCfg = Debug|Any CPU
		{EA31F863-5B90-4E29-B412-B0FF88EBDC84}.Debug|x86.Build.0 = Debug|Any CPU
		{EA31F863-5B90-4E29-B412-B0FF88EBDC84}.Release|Any CPU.ActiveCfg = Release|Any CPU
		{EA31F863-5B90-4E29-B412-B0FF88EBDC84}.Release|Any CPU.Build.0 = Release|Any CPU
		{EA31F863-5B90-4E29-B412-B0FF88EBDC84}.Release|x64.ActiveCfg = Release|Any CPU
		{EA31F863-5B90-4E29-B412-B0FF88EBDC84}.Release|x64.Build.0 = Release|Any CPU
		{EA31F863-5B90-4E29-B412-B0FF88EBDC84}.Release|x86.ActiveCfg = Release|Any CPU
		{EA31F863-5B90-4E29-B412-B0FF88EBDC84}.Release|x86.Build.0 = Release|Any CPU
		{0E432106-E695-44E2-9180-448470A878F3}.Debug|Any CPU.ActiveCfg = Debug|Any CPU
		{0E432106-E695-44E2-9180-448470A878F3}.Debug|Any CPU.Build.0 = Debug|Any CPU
		{0E432106-E695-44E2-9180-448470A878F3}.Debug|x64.ActiveCfg = Debug|Any CPU
		{0E432106-E695-44E2-9180-448470A878F3}.Debug|x64.Build.0 = Debug|Any CPU
		{0E432106-E695-44E2-9180-448470A878F3}.Debug|x86.ActiveCfg = Debug|Any CPU
		{0E432106-E695-44E2-9180-448470A878F3}.Debug|x86.Build.0 = Debug|Any CPU
		{0E432106-E695-44E2-9180-448470A878F3}.Release|Any CPU.ActiveCfg = Release|Any CPU
		{0E432106-E695-44E2-9180-448470A878F3}.Release|Any CPU.Build.0 = Release|Any CPU
		{0E432106-E695-44E2-9180-448470A878F3}.Release|x64.ActiveCfg = Release|Any CPU
		{0E432106-E695-44E2-9180-448470A878F3}.Release|x64.Build.0 = Release|Any CPU
		{0E432106-E695-44E2-9180-448470A878F3}.Release|x86.ActiveCfg = Release|Any CPU
		{0E432106-E695-44E2-9180-448470A878F3}.Release|x86.Build.0 = Release|Any CPU
		{6E9AF525-BE3C-49C7-BD47-BF04A0971F49}.Debug|Any CPU.ActiveCfg = Debug|Any CPU
		{6E9AF525-BE3C-49C7-BD47-BF04A0971F49}.Debug|Any CPU.Build.0 = Debug|Any CPU
		{6E9AF525-BE3C-49C7-BD47-BF04A0971F49}.Debug|x64.ActiveCfg = Debug|Any CPU
		{6E9AF525-BE3C-49C7-BD47-BF04A0971F49}.Debug|x64.Build.0 = Debug|Any CPU
		{6E9AF525-BE3C-49C7-BD47-BF04A0971F49}.Debug|x86.ActiveCfg = Debug|Any CPU
		{6E9AF525-BE3C-49C7-BD47-BF04A0971F49}.Debug|x86.Build.0 = Debug|Any CPU
		{6E9AF525-BE3C-49C7-BD47-BF04A0971F49}.Release|Any CPU.ActiveCfg = Release|Any CPU
		{6E9AF525-BE3C-49C7-BD47-BF04A0971F49}.Release|Any CPU.Build.0 = Release|Any CPU
		{6E9AF525-BE3C-49C7-BD47-BF04A0971F49}.Release|x64.ActiveCfg = Release|Any CPU
		{6E9AF525-BE3C-49C7-BD47-BF04A0971F49}.Release|x64.Build.0 = Release|Any CPU
		{6E9AF525-BE3C-49C7-BD47-BF04A0971F49}.Release|x86.ActiveCfg = Release|Any CPU
		{6E9AF525-BE3C-49C7-BD47-BF04A0971F49}.Release|x86.Build.0 = Release|Any CPU
		{6D56A91F-2277-40B2-8A01-07BDD66A4C18}.Debug|Any CPU.ActiveCfg = Debug|Any CPU
		{6D56A91F-2277-40B2-8A01-07BDD66A4C18}.Debug|Any CPU.Build.0 = Debug|Any CPU
		{6D56A91F-2277-40B2-8A01-07BDD66A4C18}.Debug|x64.ActiveCfg = Debug|Any CPU
		{6D56A91F-2277-40B2-8A01-07BDD66A4C18}.Debug|x64.Build.0 = Debug|Any CPU
		{6D56A91F-2277-40B2-8A01-07BDD66A4C18}.Debug|x86.ActiveCfg = Debug|Any CPU
		{6D56A91F-2277-40B2-8A01-07BDD66A4C18}.Debug|x86.Build.0 = Debug|Any CPU
		{6D56A91F-2277-40B2-8A01-07BDD66A4C18}.Release|Any CPU.ActiveCfg = Release|Any CPU
		{6D56A91F-2277-40B2-8A01-07BDD66A4C18}.Release|Any CPU.Build.0 = Release|Any CPU
		{6D56A91F-2277-40B2-8A01-07BDD66A4C18}.Release|x64.ActiveCfg = Release|Any CPU
		{6D56A91F-2277-40B2-8A01-07BDD66A4C18}.Release|x64.Build.0 = Release|Any CPU
		{6D56A91F-2277-40B2-8A01-07BDD66A4C18}.Release|x86.ActiveCfg = Release|Any CPU
		{6D56A91F-2277-40B2-8A01-07BDD66A4C18}.Release|x86.Build.0 = Release|Any CPU
		{FF0D7E2C-67DC-4FC0-AAC4-893B80E378FC}.Debug|Any CPU.ActiveCfg = Debug|Any CPU
		{FF0D7E2C-67DC-4FC0-AAC4-893B80E378FC}.Debug|Any CPU.Build.0 = Debug|Any CPU
		{FF0D7E2C-67DC-4FC0-AAC4-893B80E378FC}.Debug|x64.ActiveCfg = Debug|Any CPU
		{FF0D7E2C-67DC-4FC0-AAC4-893B80E378FC}.Debug|x64.Build.0 = Debug|Any CPU
		{FF0D7E2C-67DC-4FC0-AAC4-893B80E378FC}.Debug|x86.ActiveCfg = Debug|Any CPU
		{FF0D7E2C-67DC-4FC0-AAC4-893B80E378FC}.Debug|x86.Build.0 = Debug|Any CPU
		{FF0D7E2C-67DC-4FC0-AAC4-893B80E378FC}.Release|Any CPU.ActiveCfg = Release|Any CPU
		{FF0D7E2C-67DC-4FC0-AAC4-893B80E378FC}.Release|Any CPU.Build.0 = Release|Any CPU
		{FF0D7E2C-67DC-4FC0-AAC4-893B80E378FC}.Release|x64.ActiveCfg = Release|Any CPU
		{FF0D7E2C-67DC-4FC0-AAC4-893B80E378FC}.Release|x64.Build.0 = Release|Any CPU
		{FF0D7E2C-67DC-4FC0-AAC4-893B80E378FC}.Release|x86.ActiveCfg = Release|Any CPU
		{FF0D7E2C-67DC-4FC0-AAC4-893B80E378FC}.Release|x86.Build.0 = Release|Any CPU
	EndGlobalSection
	GlobalSection(SolutionProperties) = preSolution
		HideSolutionNode = FALSE
	EndGlobalSection
	GlobalSection(ExtensibilityGlobals) = postSolution
		SolutionGuid = {43A8EC26-F618-4D3A-830B-A1541A3F976D}
	EndGlobalSection
EndGlobal
